
Microsoft Visual Studio Solution File, Format Version 12.00
# Visual Studio Version 16
VisualStudioVersion = 16.0.31624.102
MinimumVisualStudioVersion = 10.0.40219.1
Project("{FAE04EC0-301F-11D3-BF4B-00C04F79EFBC}") = "HelloWorld", "HelloWorld\HelloWorld.csproj", "{C52C6EE5-214C-42F4-BBE4-C36452C7876A}"
EndProject
Global
	GlobalSection(SolutionConfigurationPlatforms) = preSolution
		Debug|Any CPU = Debug|Any CPU
		Release|Any CPU = Release|Any CPU
	EndGlobalSection
	GlobalSection(ProjectConfigurationPlatforms) = postSolution
		{C52C6EE5-214C-42F4-BBE4-C36452C7876A}.Debug|Any CPU.ActiveCfg = Debug|Any CPU
		{C52C6EE5-214C-42F4-BBE4-C36452C7876A}.Debug|Any CPU.Build.0 = Debug|Any CPU
		{C52C6EE5-214C-42F4-BBE4-C36452C7876A}.Release|Any CPU.ActiveCfg = Release|Any CPU
		{C52C6EE5-214C-42F4-BBE4-C36452C7876A}.Release|Any CPU.Build.0 = Release|Any CPU
	EndGlobalSection
	GlobalSection(SolutionProperties) = preSolution
		HideSolutionNode = FALSE
	EndGlobalSection
	GlobalSection(ExtensibilityGlobals) = postSolution
		SolutionGuid = {A70A466A-4ED0-4328-81EC-23749233D0BA}
	EndGlobalSection
EndGlobal
